
Microsoft Visual Studio Solution File, Format Version 12.00
# Visual Studio Version 17
VisualStudioVersion = 17.14.36603.0 d17.14
MinimumVisualStudioVersion = 10.0.40219.1
Project("{FAE04EC0-301F-11D3-BF4B-00C04F79EFBC}") = "11. Ecuacion", "11. Ecuacion\11. Ecuacion.csproj", "{FB5CF8D0-4972-466D-8D02-BE4116A33374}"
EndProject
Global
	GlobalSection(SolutionConfigurationPlatforms) = preSolution
		Debug|Any CPU = Debug|Any CPU
		Release|Any CPU = Release|Any CPU
	EndGlobalSection
	GlobalSection(ProjectConfigurationPlatforms) = postSolution
		{FB5CF8D0-4972-466D-8D02-BE4116A33374}.Debug|Any CPU.ActiveCfg = Debug|Any CPU
		{FB5CF8D0-4972-466D-8D02-BE4116A33374}.Debug|Any CPU.Build.0 = Debug|Any CPU
		{FB5CF8D0-4972-466D-8D02-BE4116A33374}.Release|Any CPU.ActiveCfg = Release|Any CPU
		{FB5CF8D0-4972-466D-8D02-BE4116A33374}.Release|Any CPU.Build.0 = Release|Any CPU
	EndGlobalSection
	GlobalSection(SolutionProperties) = preSolution
		HideSolutionNode = FALSE
	EndGlobalSection
	GlobalSection(ExtensibilityGlobals) = postSolution
		SolutionGuid = {B10963F2-3EBB-48FF-8FDE-1E792CB01914}
	EndGlobalSection
EndGlobal
