
Microsoft Visual Studio Solution File, Format Version 12.00
# Visual Studio Version 17
VisualStudioVersion = 17.14.36603.0 d17.14
MinimumVisualStudioVersion = 10.0.40219.1
Project("{FAE04EC0-301F-11D3-BF4B-00C04F79EFBC}") = "12. Algoritmo que escrba reprobado o aprobado", "12. Algoritmo que escrba reprobado o aprobado\12. Algoritmo que escrba reprobado o aprobado.csproj", "{4CD93B0F-6F0E-473F-B047-D9541054D2B2}"
EndProject
Global
	GlobalSection(SolutionConfigurationPlatforms) = preSolution
		Debug|Any CPU = Debug|Any CPU
		Release|Any CPU = Release|Any CPU
	EndGlobalSection
	GlobalSection(ProjectConfigurationPlatforms) = postSolution
		{4CD93B0F-6F0E-473F-B047-D9541054D2B2}.Debug|Any CPU.ActiveCfg = Debug|Any CPU
		{4CD93B0F-6F0E-473F-B047-D9541054D2B2}.Debug|Any CPU.Build.0 = Debug|Any CPU
		{4CD93B0F-6F0E-473F-B047-D9541054D2B2}.Release|Any CPU.ActiveCfg = Release|Any CPU
		{4CD93B0F-6F0E-473F-B047-D9541054D2B2}.Release|Any CPU.Build.0 = Release|Any CPU
	EndGlobalSection
	GlobalSection(SolutionProperties) = preSolution
		HideSolutionNode = FALSE
	EndGlobalSection
	GlobalSection(ExtensibilityGlobals) = postSolution
		SolutionGuid = {CBD23900-D179-420F-9A7C-F4BBEDEE907D}
	EndGlobalSection
EndGlobal
