
Microsoft Visual Studio Solution File, Format Version 12.00
# Visual Studio Version 17
VisualStudioVersion = 17.14.36603.0 d17.14
MinimumVisualStudioVersion = 10.0.40219.1
Project("{FAE04EC0-301F-11D3-BF4B-00C04F79EFBC}") = "17. ordenar 3 numeros de mayor a menor", "17. ordenar 3 numeros de mayor a menor\17. ordenar 3 numeros de mayor a menor.csproj", "{D80529D7-4333-4D9A-B43E-3512BAF1AC47}"
EndProject
Global
	GlobalSection(SolutionConfigurationPlatforms) = preSolution
		Debug|Any CPU = Debug|Any CPU
		Release|Any CPU = Release|Any CPU
	EndGlobalSection
	GlobalSection(ProjectConfigurationPlatforms) = postSolution
		{D80529D7-4333-4D9A-B43E-3512BAF1AC47}.Debug|Any CPU.ActiveCfg = Debug|Any CPU
		{D80529D7-4333-4D9A-B43E-3512BAF1AC47}.Debug|Any CPU.Build.0 = Debug|Any CPU
		{D80529D7-4333-4D9A-B43E-3512BAF1AC47}.Release|Any CPU.ActiveCfg = Release|Any CPU
		{D80529D7-4333-4D9A-B43E-3512BAF1AC47}.Release|Any CPU.Build.0 = Release|Any CPU
	EndGlobalSection
	GlobalSection(SolutionProperties) = preSolution
		HideSolutionNode = FALSE
	EndGlobalSection
	GlobalSection(ExtensibilityGlobals) = postSolution
		SolutionGuid = {F4589BAA-6C86-4F88-A146-2E3C2DB65D0C}
	EndGlobalSection
EndGlobal
