
Microsoft Visual Studio Solution File, Format Version 12.00
# Visual Studio Version 17
VisualStudioVersion = 17.14.36603.0 d17.14
MinimumVisualStudioVersion = 10.0.40219.1
Project("{FAE04EC0-301F-11D3-BF4B-00C04F79EFBC}") = "Escribirnumeros1-10", "Escribirnumeros1-10\Escribirnumeros1-10.csproj", "{4621A989-2E05-4CCC-98F5-6F740854A688}"
EndProject
Global
	GlobalSection(SolutionConfigurationPlatforms) = preSolution
		Debug|Any CPU = Debug|Any CPU
		Release|Any CPU = Release|Any CPU
	EndGlobalSection
	GlobalSection(ProjectConfigurationPlatforms) = postSolution
		{4621A989-2E05-4CCC-98F5-6F740854A688}.Debug|Any CPU.ActiveCfg = Debug|Any CPU
		{4621A989-2E05-4CCC-98F5-6F740854A688}.Debug|Any CPU.Build.0 = Debug|Any CPU
		{4621A989-2E05-4CCC-98F5-6F740854A688}.Release|Any CPU.ActiveCfg = Release|Any CPU
		{4621A989-2E05-4CCC-98F5-6F740854A688}.Release|Any CPU.Build.0 = Release|Any CPU
	EndGlobalSection
	GlobalSection(SolutionProperties) = preSolution
		HideSolutionNode = FALSE
	EndGlobalSection
	GlobalSection(ExtensibilityGlobals) = postSolution
		SolutionGuid = {0286A450-D15F-41F6-B27C-118E939C63E9}
	EndGlobalSection
EndGlobal
