
Microsoft Visual Studio Solution File, Format Version 12.00
# Visual Studio Version 17
VisualStudioVersion = 17.14.36603.0 d17.14
MinimumVisualStudioVersion = 10.0.40219.1
Project("{FAE04EC0-301F-11D3-BF4B-00C04F79EFBC}") = "Practica6AreaTriangulo", "Practica6AreaTriangulo\Practica6AreaTriangulo.csproj", "{32D35ED5-3ED9-4E43-9B86-95E843313B18}"
EndProject
Global
	GlobalSection(SolutionConfigurationPlatforms) = preSolution
		Debug|Any CPU = Debug|Any CPU
		Release|Any CPU = Release|Any CPU
	EndGlobalSection
	GlobalSection(ProjectConfigurationPlatforms) = postSolution
		{32D35ED5-3ED9-4E43-9B86-95E843313B18}.Debug|Any CPU.ActiveCfg = Debug|Any CPU
		{32D35ED5-3ED9-4E43-9B86-95E843313B18}.Debug|Any CPU.Build.0 = Debug|Any CPU
		{32D35ED5-3ED9-4E43-9B86-95E843313B18}.Release|Any CPU.ActiveCfg = Release|Any CPU
		{32D35ED5-3ED9-4E43-9B86-95E843313B18}.Release|Any CPU.Build.0 = Release|Any CPU
	EndGlobalSection
	GlobalSection(SolutionProperties) = preSolution
		HideSolutionNode = FALSE
	EndGlobalSection
	GlobalSection(ExtensibilityGlobals) = postSolution
		SolutionGuid = {A4E1968E-ABFF-4BEA-AF19-E4DA569E1B71}
	EndGlobalSection
EndGlobal
