
Microsoft Visual Studio Solution File, Format Version 12.00
# Visual Studio Version 17
VisualStudioVersion = 17.14.36603.0 d17.14
MinimumVisualStudioVersion = 10.0.40219.1
Project("{FAE04EC0-301F-11D3-BF4B-00C04F79EFBC}") = "Practica7Grados", "Practica7Grados\Practica7Grados.csproj", "{59C93919-43A1-482E-AC3C-72F7145DDCDF}"
EndProject
Global
	GlobalSection(SolutionConfigurationPlatforms) = preSolution
		Debug|Any CPU = Debug|Any CPU
		Release|Any CPU = Release|Any CPU
	EndGlobalSection
	GlobalSection(ProjectConfigurationPlatforms) = postSolution
		{59C93919-43A1-482E-AC3C-72F7145DDCDF}.Debug|Any CPU.ActiveCfg = Debug|Any CPU
		{59C93919-43A1-482E-AC3C-72F7145DDCDF}.Debug|Any CPU.Build.0 = Debug|Any CPU
		{59C93919-43A1-482E-AC3C-72F7145DDCDF}.Release|Any CPU.ActiveCfg = Release|Any CPU
		{59C93919-43A1-482E-AC3C-72F7145DDCDF}.Release|Any CPU.Build.0 = Release|Any CPU
	EndGlobalSection
	GlobalSection(SolutionProperties) = preSolution
		HideSolutionNode = FALSE
	EndGlobalSection
	GlobalSection(ExtensibilityGlobals) = postSolution
		SolutionGuid = {3E788352-A765-4B60-AC65-90B52C0542BD}
	EndGlobalSection
EndGlobal
